{
  "requires": true,
  "lockfileVersion": 1,
  "dependencies": {
    "@ionic-native/native-audio": {
      "version": "5.34.0",
      "resolved": "https://registry.npmjs.org/@ionic-native/native-audio/-/native-audio-5.34.0.tgz",
      "integrity": "sha512-b6MbvodwUyfYMvWQOF0srK0ihzwbU3QYR9uX3/By9V38bMiC8r46KmkPTw+V4lTo5GAW9HSNZIWJe9ky7k8w6A==",
      "requires": {
        "@types/cordova": "^0.0.34"
      }
    },
    "@types/cordova": {
      "version": "0.0.34",
      "resolved": "https://registry.npmjs.org/@types/cordova/-/cordova-0.0.34.tgz",
      "integrity": "sha1-6nrd907Ow9dimCegw54smt3HPQQ="
    },
    "cordova-plugin-nativeaudio": {
      "version": "3.0.9",
      "resolved": "https://registry.npmjs.org/cordova-plugin-nativeaudio/-/cordova-plugin-nativeaudio-3.0.9.tgz",
      "integrity": "sha1-Fs6/2u4kvrI8BfSXE8uHc7x4U2w="
    }
  }
}
